{
  "nodes": {
    "beets-tip": {
      "flake": false,
      "locked": {
        "lastModified": 1786613357,
        "narHash": "sha256-XSGiBBSM28nCvnUbFnavOprSYgeb20WDCFc+lAJEp4U=",
        "owner": "beetbox",
        "repo": "beets",
        "rev": "1cb3af87e2df14e059bc429ff9479b9c4b02591e",
        "type": "github"
      },
      "original": {
        "owner": "beetbox",
        "ref": "master",
        "repo": "beets",
        "type": "github"
      }
    },
    "nixpkgs": {
      "locked": {
        "lastModified": 1786384358,
        "narHash": "sha256-RzPPiWeUtuvymnpuEWsdtzli5w4kjZs49FqEs3/1u+I=",
        "owner": "NixOS",
        "repo": "nixpkgs",
        "rev": "2fcb964de67fcf60b43471c55d5d99e61a9ccb5a",
        "type": "github"
      },
      "original": {
        "owner": "NixOS",
        "ref": "nixos-unstable",
        "repo": "nixpkgs",
        "type": "github"
      }
    },
    "root": {
      "inputs": {
        "beets-tip": "beets-tip",
        "nixpkgs": "nixpkgs"
      }
    }
  },
  "root": "root",
  "version": 7
}
